
Microsoft Visual Studio Solution File, Format Version 12.00
# Visual Studio Version 17
VisualStudioVersion = 17.3.32901.215
MinimumVisualStudioVersion = 10.0.40219.1
Project("{2150E333-8FDC-42A3-9474-1A3956D46DE8}") = "Solution Items", "Solution Items", "{48538972-DFF9-417B-9B94-73A0B1581C13}"
	ProjectSection(SolutionItems) = preProject
		ClassRoomNotes.txt = ClassRoomNotes.txt
	EndProjectSection
EndProject
Project("{2150E333-8FDC-42A3-9474-1A3956D46DE8}") = "Ejemplo_1_2Capas", "Ejemplo_1_2Capas", "{76656985-619E-42EB-912B-FBEB0C713E7E}"
EndProject
Project("{2150E333-8FDC-42A3-9474-1A3956D46DE8}") = "Ejemplo_2_3Capas_WinForms", "Ejemplo_2_3Capas_WinForms", "{743E8E19-6BE8-4953-B384-FC0DEF6FC9A5}"
EndProject
Project("{2150E333-8FDC-42A3-9474-1A3956D46DE8}") = "Ejemplo_3_NCapas_Consola", "Ejemplo_3_NCapas_Consola", "{F6035786-CEC2-4449-A132-F31BFC662BE6}"
EndProject
Project("{FAE04EC0-301F-11D3-BF4B-00C04F79EFBC}") = "Ejemplo_3_Capas.Consola", "Ejemplo_3_NCapas_Consola\EjemploNCapas.Consola\Ejemplo_3_Capas.Consola.csproj", "{CA527E61-36A2-45F0-8607-55D12883C896}"
EndProject
Project("{FAE04EC0-301F-11D3-BF4B-00C04F79EFBC}") = "NCapas.Datos", "Ejemplo_2_3Capas_WinForms\NCapas.Dato\NCapas.Datos.csproj", "{4D84379E-4D6A-4A78-87A5-237F929B7B38}"
EndProject
Project("{FAE04EC0-301F-11D3-BF4B-00C04F79EFBC}") = "NCapas.Negocio", "Ejemplo_2_3Capas_WinForms\NCapas.Negocio\NCapas.Negocio.csproj", "{48BE562E-1873-4299-9462-BA0FF9463049}"
EndProject
Project("{FAE04EC0-301F-11D3-BF4B-00C04F79EFBC}") = "NCapas.Win", "Ejemplo_2_3Capas_WinForms\NCapas.Win\NCapas.Win.csproj", "{165D3D98-3B86-439F-A5D8-FA5623365B2F}"
EndProject
Project("{FAE04EC0-301F-11D3-BF4B-00C04F79EFBC}") = "EjemploNCapas.Datos", "Ejemplo_1_2Capas\EjemploNCapas.Datos\EjemploNCapas.Datos.csproj", "{6CC2C1BD-0056-48F0-A5F6-F4A125249961}"
EndProject
Project("{FAE04EC0-301F-11D3-BF4B-00C04F79EFBC}") = "EjemploNCapas.Win", "Ejemplo_1_2Capas\EjemploNCapas.Win\EjemploNCapas.Win.csproj", "{C7DF9835-8F24-4A65-A598-53719E3CB5B3}"
EndProject
Project("{FAE04EC0-301F-11D3-BF4B-00C04F79EFBC}") = "Ejemplo_3_Capas.Datos", "Ejemplo_3_NCapas_Consola\EjemploNCapas.Dato\Ejemplo_3_Capas.Datos.csproj", "{1E0E09C4-91CD-46A0-99F2-D9D62CCE5FD8}"
EndProject
Project("{FAE04EC0-301F-11D3-BF4B-00C04F79EFBC}") = "Ejemplo_3_Capas.Negocio", "Ejemplo_3_NCapas_Consola\EjemploNCapas.Negocio\Ejemplo_3_Capas.Negocio.csproj", "{65DA3123-15A5-4A9F-A29A-4A620039F328}"
EndProject
Project("{2150E333-8FDC-42A3-9474-1A3956D46DE8}") = "Ejemplo_4_Capas_Insert_GetAll", "Ejemplo_4_Capas_Insert_GetAll", "{5A6D5737-7C02-4F9E-B725-12837D6F2749}"
EndProject
Project("{FAE04EC0-301F-11D3-BF4B-00C04F79EFBC}") = "Layer.BC", "Layer.BC\Layer.BC.csproj", "{D6DF56AB-7594-4DE4-8919-F24CE62ED9F6}"
EndProject
Project("{FAE04EC0-301F-11D3-BF4B-00C04F79EFBC}") = "Layer.DAC", "Layer.DAC\Layer.DAC.csproj", "{B83682E0-8148-4C4E-8C2B-B354A4CACF05}"
EndProject
Project("{FAE04EC0-301F-11D3-BF4B-00C04F79EFBC}") = "Layer.Entities", "Layer.Entities\Layer.Entities.csproj", "{99F7D2FE-E16A-4A90-B8DF-95947480328B}"
EndProject
Project("{FAE04EC0-301F-11D3-BF4B-00C04F79EFBC}") = "Layer.Win", "Ejemplo_4_Capas_Insert_GetAll\NCapas.Win\Layer.Win.csproj", "{812480F1-8CB6-4D33-A4C0-0C14032F93C6}"
EndProject
Project("{2150E333-8FDC-42A3-9474-1A3956D46DE8}") = "Ejemplo_5_StoredProcedures", "Ejemplo_5_StoredProcedures", "{69DE6F95-629F-4EB0-A11E-EFF9C2817052}"
EndProject
Project("{FAE04EC0-301F-11D3-BF4B-00C04F79EFBC}") = "Layer.BC", "Ejemplo_5_ConProcedimientosAlmacenados\Layer.BC\Layer.BC.csproj", "{9AD49435-761B-4B9E-B91A-F7401087EE19}"
EndProject
Project("{FAE04EC0-301F-11D3-BF4B-00C04F79EFBC}") = "Layer.DAC", "Ejemplo_5_ConProcedimientosAlmacenados\Layer.DAC\Layer.DAC.csproj", "{45784AF2-664B-43B7-BEF1-CCCD9BA940C6}"
EndProject
Project("{FAE04EC0-301F-11D3-BF4B-00C04F79EFBC}") = "Layer.Entities", "Ejemplo_5_ConProcedimientosAlmacenados\Layer.Entities\Layer.Entities.csproj", "{0D54AA9B-E915-4B5F-B6CE-BD4015845A29}"
EndProject
Project("{FAE04EC0-301F-11D3-BF4B-00C04F79EFBC}") = "Layer.Win", "Ejemplo_5_ConProcedimientosAlmacenados\Layer.Win\Layer.Win.csproj", "{886F8E52-266F-4DB5-8B2C-003CCBBC5EF8}"
EndProject
Project("{2150E333-8FDC-42A3-9474-1A3956D46DE8}") = "Ejemplo_6_Nuevo_Formulario_Listado", "Ejemplo_6_Nuevo_Formulario_Listado", "{72340B73-5B8B-4CA6-9373-1D72C059D056}"
EndProject
Project("{FAE04EC0-301F-11D3-BF4B-00C04F79EFBC}") = "Layer.BC", "Ejemplo_6_NuevoForm_Listado\Layer.BC\Layer.BC.csproj", "{E9E3349D-16A9-4797-832F-ABFB786214D7}"
EndProject
Project("{FAE04EC0-301F-11D3-BF4B-00C04F79EFBC}") = "Layer.DAC", "Ejemplo_6_NuevoForm_Listado\Layer.DAC\Layer.DAC.csproj", "{3976A7DA-8226-4034-A60A-637DD178E846}"
EndProject
Project("{FAE04EC0-301F-11D3-BF4B-00C04F79EFBC}") = "Layer.Entities", "Ejemplo_6_NuevoForm_Listado\Layer.Entities\Layer.Entities.csproj", "{57911F39-6000-4875-AB65-6E8B6B6C8659}"
EndProject
Project("{FAE04EC0-301F-11D3-BF4B-00C04F79EFBC}") = "Layer.Win", "Ejemplo_6_NuevoForm_Listado\Layer.Win\Layer.Win.csproj", "{1CF88CF3-AB5A-4A40-A6DE-C1F24BABBD68}"
EndProject
Project("{2150E333-8FDC-42A3-9474-1A3956D46DE8}") = "Ejemplo_7_Servicios", "Ejemplo_7_Servicios", "{B998F09E-03D9-4FF6-A8D4-AF76E6BAA761}"
EndProject
Project("{FAE04EC0-301F-11D3-BF4B-00C04F79EFBC}") = "Migracion.DAC", "Migracion.DAC\Migracion.DAC.csproj", "{71A0305C-EAF8-4CAE-BDE3-0A4EDBDD7B3E}"
EndProject
Project("{FAE04EC0-301F-11D3-BF4B-00C04F79EFBC}") = "Migracion.BC", "Migracion.BC\Migracion.BC.csproj", "{D97A4006-179E-4F8C-B0F5-585A905F34BF}"
EndProject
Project("{FAE04EC0-301F-11D3-BF4B-00C04F79EFBC}") = "Migracion.WIN", "Migracion.WIN\Migracion.WIN.csproj", "{BB6BBCC5-7885-4DF3-9BB6-C76D1D14CD1D}"
EndProject
Project("{FAE04EC0-301F-11D3-BF4B-00C04F79EFBC}") = "Migracion.Entidades", "Migracion.Entidades\Migracion.Entidades.csproj", "{8D253FA2-3C87-46A3-BAB3-D87EC986876F}"
EndProject
Project("{FAE04EC0-301F-11D3-BF4B-00C04F79EFBC}") = "Migracion.Consola", "Migracion.Consola\Migracion.Consola.csproj", "{8EBF7807-38A6-402E-B835-D3AB0E89EF5B}"
EndProject
Global
	GlobalSection(SolutionConfigurationPlatforms) = preSolution
		Debug|Any CPU = Debug|Any CPU
		Release|Any CPU = Release|Any CPU
	EndGlobalSection
	GlobalSection(ProjectConfigurationPlatforms) = postSolution
		{CA527E61-36A2-45F0-8607-55D12883C896}.Debug|Any CPU.ActiveCfg = Debug|Any CPU
		{CA527E61-36A2-45F0-8607-55D12883C896}.Debug|Any CPU.Build.0 = Debug|Any CPU
		{CA527E61-36A2-45F0-8607-55D12883C896}.Release|Any CPU.ActiveCfg = Release|Any CPU
		{CA527E61-36A2-45F0-8607-55D12883C896}.Release|Any CPU.Build.0 = Release|Any CPU
		{4D84379E-4D6A-4A78-87A5-237F929B7B38}.Debug|Any CPU.ActiveCfg = Debug|Any CPU
		{4D84379E-4D6A-4A78-87A5-237F929B7B38}.Debug|Any CPU.Build.0 = Debug|Any CPU
		{4D84379E-4D6A-4A78-87A5-237F929B7B38}.Release|Any CPU.ActiveCfg = Release|Any CPU
		{4D84379E-4D6A-4A78-87A5-237F929B7B38}.Release|Any CPU.Build.0 = Release|Any CPU
		{48BE562E-1873-4299-9462-BA0FF9463049}.Debug|Any CPU.ActiveCfg = Debug|Any CPU
		{48BE562E-1873-4299-9462-BA0FF9463049}.Debug|Any CPU.Build.0 = Debug|Any CPU
		{48BE562E-1873-4299-9462-BA0FF9463049}.Release|Any CPU.ActiveCfg = Release|Any CPU
		{48BE562E-1873-4299-9462-BA0FF9463049}.Release|Any CPU.Build.0 = Release|Any CPU
		{165D3D98-3B86-439F-A5D8-FA5623365B2F}.Debug|Any CPU.ActiveCfg = Debug|Any CPU
		{165D3D98-3B86-439F-A5D8-FA5623365B2F}.Debug|Any CPU.Build.0 = Debug|Any CPU
		{165D3D98-3B86-439F-A5D8-FA5623365B2F}.Release|Any CPU.ActiveCfg = Release|Any CPU
		{165D3D98-3B86-439F-A5D8-FA5623365B2F}.Release|Any CPU.Build.0 = Release|Any CPU
		{6CC2C1BD-0056-48F0-A5F6-F4A125249961}.Debug|Any CPU.ActiveCfg = Debug|Any CPU
		{6CC2C1BD-0056-48F0-A5F6-F4A125249961}.Debug|Any CPU.Build.0 = Debug|Any CPU
		{6CC2C1BD-0056-48F0-A5F6-F4A125249961}.Release|Any CPU.ActiveCfg = Release|Any CPU
		{6CC2C1BD-0056-48F0-A5F6-F4A125249961}.Release|Any CPU.Build.0 = Release|Any CPU
		{C7DF9835-8F24-4A65-A598-53719E3CB5B3}.Debug|Any CPU.ActiveCfg = Debug|Any CPU
		{C7DF9835-8F24-4A65-A598-53719E3CB5B3}.Debug|Any CPU.Build.0 = Debug|Any CPU
		{C7DF9835-8F24-4A65-A598-53719E3CB5B3}.Release|Any CPU.ActiveCfg = Release|Any CPU
		{C7DF9835-8F24-4A65-A598-53719E3CB5B3}.Release|Any CPU.Build.0 = Release|Any CPU
		{1E0E09C4-91CD-46A0-99F2-D9D62CCE5FD8}.Debug|Any CPU.ActiveCfg = Debug|Any CPU
		{1E0E09C4-91CD-46A0-99F2-D9D62CCE5FD8}.Debug|Any CPU.Build.0 = Debug|Any CPU
		{1E0E09C4-91CD-46A0-99F2-D9D62CCE5FD8}.Release|Any CPU.ActiveCfg = Release|Any CPU
		{1E0E09C4-91CD-46A0-99F2-D9D62CCE5FD8}.Release|Any CPU.Build.0 = Release|Any CPU
		{65DA3123-15A5-4A9F-A29A-4A620039F328}.Debug|Any CPU.ActiveCfg = Debug|Any CPU
		{65DA3123-15A5-4A9F-A29A-4A620039F328}.Debug|Any CPU.Build.0 = Debug|Any CPU
		{65DA3123-15A5-4A9F-A29A-4A620039F328}.Release|Any CPU.ActiveCfg = Release|Any CPU
		{65DA3123-15A5-4A9F-A29A-4A620039F328}.Release|Any CPU.Build.0 = Release|Any CPU
		{D6DF56AB-7594-4DE4-8919-F24CE62ED9F6}.Debug|Any CPU.ActiveCfg = Debug|Any CPU
		{D6DF56AB-7594-4DE4-8919-F24CE62ED9F6}.Debug|Any CPU.Build.0 = Debug|Any CPU
		{D6DF56AB-7594-4DE4-8919-F24CE62ED9F6}.Release|Any CPU.ActiveCfg = Release|Any CPU
		{D6DF56AB-7594-4DE4-8919-F24CE62ED9F6}.Release|Any CPU.Build.0 = Release|Any CPU
		{B83682E0-8148-4C4E-8C2B-B354A4CACF05}.Debug|Any CPU.ActiveCfg = Debug|Any CPU
		{B83682E0-8148-4C4E-8C2B-B354A4CACF05}.Debug|Any CPU.Build.0 = Debug|Any CPU
		{B83682E0-8148-4C4E-8C2B-B354A4CACF05}.Release|Any CPU.ActiveCfg = Release|Any CPU
		{B83682E0-8148-4C4E-8C2B-B354A4CACF05}.Release|Any CPU.Build.0 = Release|Any CPU
		{99F7D2FE-E16A-4A90-B8DF-95947480328B}.Debug|Any CPU.ActiveCfg = Debug|Any CPU
		{99F7D2FE-E16A-4A90-B8DF-95947480328B}.Debug|Any CPU.Build.0 = Debug|Any CPU
		{99F7D2FE-E16A-4A90-B8DF-95947480328B}.Release|Any CPU.ActiveCfg = Release|Any CPU
		{99F7D2FE-E16A-4A90-B8DF-95947480328B}.Release|Any CPU.Build.0 = Release|Any CPU
		{812480F1-8CB6-4D33-A4C0-0C14032F93C6}.Debug|Any CPU.ActiveCfg = Debug|Any CPU
		{812480F1-8CB6-4D33-A4C0-0C14032F93C6}.Debug|Any CPU.Build.0 = Debug|Any CPU
		{812480F1-8CB6-4D33-A4C0-0C14032F93C6}.Release|Any CPU.ActiveCfg = Release|Any CPU
		{812480F1-8CB6-4D33-A4C0-0C14032F93C6}.Release|Any CPU.Build.0 = Release|Any CPU
		{9AD49435-761B-4B9E-B91A-F7401087EE19}.Debug|Any CPU.ActiveCfg = Debug|Any CPU
		{9AD49435-761B-4B9E-B91A-F7401087EE19}.Debug|Any CPU.Build.0 = Debug|Any CPU
		{9AD49435-761B-4B9E-B91A-F7401087EE19}.Release|Any CPU.ActiveCfg = Release|Any CPU
		{9AD49435-761B-4B9E-B91A-F7401087EE19}.Release|Any CPU.Build.0 = Release|Any CPU
		{45784AF2-664B-43B7-BEF1-CCCD9BA940C6}.Debug|Any CPU.ActiveCfg = Debug|Any CPU
		{45784AF2-664B-43B7-BEF1-CCCD9BA940C6}.Debug|Any CPU.Build.0 = Debug|Any CPU
		{45784AF2-664B-43B7-BEF1-CCCD9BA940C6}.Release|Any CPU.ActiveCfg = Release|Any CPU
		{45784AF2-664B-43B7-BEF1-CCCD9BA940C6}.Release|Any CPU.Build.0 = Release|Any CPU
		{0D54AA9B-E915-4B5F-B6CE-BD4015845A29}.Debug|Any CPU.ActiveCfg = Debug|Any CPU
		{0D54AA9B-E915-4B5F-B6CE-BD4015845A29}.Debug|Any CPU.Build.0 = Debug|Any CPU
		{0D54AA9B-E915-4B5F-B6CE-BD4015845A29}.Release|Any CPU.ActiveCfg = Release|Any CPU
		{0D54AA9B-E915-4B5F-B6CE-BD4015845A29}.Release|Any CPU.Build.0 = Release|Any CPU
		{886F8E52-266F-4DB5-8B2C-003CCBBC5EF8}.Debug|Any CPU.ActiveCfg = Debug|Any CPU
		{886F8E52-266F-4DB5-8B2C-003CCBBC5EF8}.Debug|Any CPU.Build.0 = Debug|Any CPU
		{886F8E52-266F-4DB5-8B2C-003CCBBC5EF8}.Release|Any CPU.ActiveCfg = Release|Any CPU
		{886F8E52-266F-4DB5-8B2C-003CCBBC5EF8}.Release|Any CPU.Build.0 = Release|Any CPU
		{E9E3349D-16A9-4797-832F-ABFB786214D7}.Debug|Any CPU.ActiveCfg = Debug|Any CPU
		{E9E3349D-16A9-4797-832F-ABFB786214D7}.Debug|Any CPU.Build.0 = Debug|Any CPU
		{E9E3349D-16A9-4797-832F-ABFB786214D7}.Release|Any CPU.ActiveCfg = Release|Any CPU
		{E9E3349D-16A9-4797-832F-ABFB786214D7}.Release|Any CPU.Build.0 = Release|Any CPU
		{3976A7DA-8226-4034-A60A-637DD178E846}.Debug|Any CPU.ActiveCfg = Debug|Any CPU
		{3976A7DA-8226-4034-A60A-637DD178E846}.Debug|Any CPU.Build.0 = Debug|Any CPU
		{3976A7DA-8226-4034-A60A-637DD178E846}.Release|Any CPU.ActiveCfg = Release|Any CPU
		{3976A7DA-8226-4034-A60A-637DD178E846}.Release|Any CPU.Build.0 = Release|Any CPU
		{57911F39-6000-4875-AB65-6E8B6B6C8659}.Debug|Any CPU.ActiveCfg = Debug|Any CPU
		{57911F39-6000-4875-AB65-6E8B6B6C8659}.Debug|Any CPU.Build.0 = Debug|Any CPU
		{57911F39-6000-4875-AB65-6E8B6B6C8659}.Release|Any CPU.ActiveCfg = Release|Any CPU
		{57911F39-6000-4875-AB65-6E8B6B6C8659}.Release|Any CPU.Build.0 = Release|Any CPU
		{1CF88CF3-AB5A-4A40-A6DE-C1F24BABBD68}.Debug|Any CPU.ActiveCfg = Debug|Any CPU
		{1CF88CF3-AB5A-4A40-A6DE-C1F24BABBD68}.Debug|Any CPU.Build.0 = Debug|Any CPU
		{1CF88CF3-AB5A-4A40-A6DE-C1F24BABBD68}.Release|Any CPU.ActiveCfg = Release|Any CPU
		{1CF88CF3-AB5A-4A40-A6DE-C1F24BABBD68}.Release|Any CPU.Build.0 = Release|Any CPU
		{71A0305C-EAF8-4CAE-BDE3-0A4EDBDD7B3E}.Debug|Any CPU.ActiveCfg = Debug|Any CPU
		{71A0305C-EAF8-4CAE-BDE3-0A4EDBDD7B3E}.Debug|Any CPU.Build.0 = Debug|Any CPU
		{71A0305C-EAF8-4CAE-BDE3-0A4EDBDD7B3E}.Release|Any CPU.ActiveCfg = Release|Any CPU
		{71A0305C-EAF8-4CAE-BDE3-0A4EDBDD7B3E}.Release|Any CPU.Build.0 = Release|Any CPU
		{D97A4006-179E-4F8C-B0F5-585A905F34BF}.Debug|Any CPU.ActiveCfg = Debug|Any CPU
		{D97A4006-179E-4F8C-B0F5-585A905F34BF}.Debug|Any CPU.Build.0 = Debug|Any CPU
		{D97A4006-179E-4F8C-B0F5-585A905F34BF}.Release|Any CPU.ActiveCfg = Release|Any CPU
		{D97A4006-179E-4F8C-B0F5-585A905F34BF}.Release|Any CPU.Build.0 = Release|Any CPU
		{BB6BBCC5-7885-4DF3-9BB6-C76D1D14CD1D}.Debug|Any CPU.ActiveCfg = Debug|Any CPU
		{BB6BBCC5-7885-4DF3-9BB6-C76D1D14CD1D}.Debug|Any CPU.Build.0 = Debug|Any CPU
		{BB6BBCC5-7885-4DF3-9BB6-C76D1D14CD1D}.Release|Any CPU.ActiveCfg = Release|Any CPU
		{BB6BBCC5-7885-4DF3-9BB6-C76D1D14CD1D}.Release|Any CPU.Build.0 = Release|Any CPU
		{8D253FA2-3C87-46A3-BAB3-D87EC986876F}.Debug|Any CPU.ActiveCfg = Debug|Any CPU
		{8D253FA2-3C87-46A3-BAB3-D87EC986876F}.Debug|Any CPU.Build.0 = Debug|Any CPU
		{8D253FA2-3C87-46A3-BAB3-D87EC986876F}.Release|Any CPU.ActiveCfg = Release|Any CPU
		{8D253FA2-3C87-46A3-BAB3-D87EC986876F}.Release|Any CPU.Build.0 = Release|Any CPU
		{8EBF7807-38A6-402E-B835-D3AB0E89EF5B}.Debug|Any CPU.ActiveCfg = Debug|Any CPU
		{8EBF7807-38A6-402E-B835-D3AB0E89EF5B}.Debug|Any CPU.Build.0 = Debug|Any CPU
		{8EBF7807-38A6-402E-B835-D3AB0E89EF5B}.Release|Any CPU.ActiveCfg = Release|Any CPU
		{8EBF7807-38A6-402E-B835-D3AB0E89EF5B}.Release|Any CPU.Build.0 = Release|Any CPU
	EndGlobalSection
	GlobalSection(SolutionProperties) = preSolution
		HideSolutionNode = FALSE
	EndGlobalSection
	GlobalSection(NestedProjects) = preSolution
		{CA527E61-36A2-45F0-8607-55D12883C896} = {F6035786-CEC2-4449-A132-F31BFC662BE6}
		{4D84379E-4D6A-4A78-87A5-237F929B7B38} = {743E8E19-6BE8-4953-B384-FC0DEF6FC9A5}
		{48BE562E-1873-4299-9462-BA0FF9463049} = {743E8E19-6BE8-4953-B384-FC0DEF6FC9A5}
		{165D3D98-3B86-439F-A5D8-FA5623365B2F} = {743E8E19-6BE8-4953-B384-FC0DEF6FC9A5}
		{6CC2C1BD-0056-48F0-A5F6-F4A125249961} = {76656985-619E-42EB-912B-FBEB0C713E7E}
		{C7DF9835-8F24-4A65-A598-53719E3CB5B3} = {76656985-619E-42EB-912B-FBEB0C713E7E}
		{1E0E09C4-91CD-46A0-99F2-D9D62CCE5FD8} = {F6035786-CEC2-4449-A132-F31BFC662BE6}
		{65DA3123-15A5-4A9F-A29A-4A620039F328} = {F6035786-CEC2-4449-A132-F31BFC662BE6}
		{D6DF56AB-7594-4DE4-8919-F24CE62ED9F6} = {5A6D5737-7C02-4F9E-B725-12837D6F2749}
		{B83682E0-8148-4C4E-8C2B-B354A4CACF05} = {5A6D5737-7C02-4F9E-B725-12837D6F2749}
		{99F7D2FE-E16A-4A90-B8DF-95947480328B} = {5A6D5737-7C02-4F9E-B725-12837D6F2749}
		{812480F1-8CB6-4D33-A4C0-0C14032F93C6} = {5A6D5737-7C02-4F9E-B725-12837D6F2749}
		{9AD49435-761B-4B9E-B91A-F7401087EE19} = {69DE6F95-629F-4EB0-A11E-EFF9C2817052}
		{45784AF2-664B-43B7-BEF1-CCCD9BA940C6} = {69DE6F95-629F-4EB0-A11E-EFF9C2817052}
		{0D54AA9B-E915-4B5F-B6CE-BD4015845A29} = {69DE6F95-629F-4EB0-A11E-EFF9C2817052}
		{886F8E52-266F-4DB5-8B2C-003CCBBC5EF8} = {69DE6F95-629F-4EB0-A11E-EFF9C2817052}
		{E9E3349D-16A9-4797-832F-ABFB786214D7} = {72340B73-5B8B-4CA6-9373-1D72C059D056}
		{3976A7DA-8226-4034-A60A-637DD178E846} = {72340B73-5B8B-4CA6-9373-1D72C059D056}
		{57911F39-6000-4875-AB65-6E8B6B6C8659} = {72340B73-5B8B-4CA6-9373-1D72C059D056}
		{1CF88CF3-AB5A-4A40-A6DE-C1F24BABBD68} = {72340B73-5B8B-4CA6-9373-1D72C059D056}
		{71A0305C-EAF8-4CAE-BDE3-0A4EDBDD7B3E} = {B998F09E-03D9-4FF6-A8D4-AF76E6BAA761}
		{D97A4006-179E-4F8C-B0F5-585A905F34BF} = {B998F09E-03D9-4FF6-A8D4-AF76E6BAA761}
		{BB6BBCC5-7885-4DF3-9BB6-C76D1D14CD1D} = {B998F09E-03D9-4FF6-A8D4-AF76E6BAA761}
		{8D253FA2-3C87-46A3-BAB3-D87EC986876F} = {B998F09E-03D9-4FF6-A8D4-AF76E6BAA761}
		{8EBF7807-38A6-402E-B835-D3AB0E89EF5B} = {B998F09E-03D9-4FF6-A8D4-AF76E6BAA761}
	EndGlobalSection
	GlobalSection(ExtensibilityGlobals) = postSolution
		SolutionGuid = {CC4F0D3A-3B52-4BDA-9170-3F84081A9A74}
	EndGlobalSection
EndGlobal
